{
  "nodes": {
    "nixpkgs": {
      "locked": {
        "lastModified": 1739020877,
        "narHash": "sha256-mIvECo/NNdJJ/bXjNqIh8yeoSjVLAuDuTUzAo7dzs8Y=",
        "owner": "NixOS",
        "repo": "nixpkgs",
        "rev": "a79cfe0ebd24952b580b1cf08cd906354996d547",
        "type": "github"
      },
      "original": {
        "owner": "NixOS",
        "ref": "nixos-unstable",
        "repo": "nixpkgs",
        "type": "github"
      }
    },
    "root": {
      "inputs": {
        "nixpkgs": "nixpkgs",
        "sitelen-pona-UCSUR": "sitelen-pona-UCSUR"
      }
    },
    "sitelen-pona-UCSUR": {
      "locked": {
        "dir": "sitelen-pona-UCSUR",
        "lastModified": 1745298303,
        "narHash": "sha256-4rhLFVjr/XTzjCqYGMWIrAJ3taCKueJPm7Xuw4Xuh/w=",
        "owner": "K1aymore",
        "repo": "nix-utils",
        "rev": "a74cd5312d098a6ec4360051a8075a6b9d156cfd",
        "type": "github"
      },
      "original": {
        "dir": "sitelen-pona-UCSUR",
        "owner": "K1aymore",
        "repo": "nix-utils",
        "type": "github"
      }
    }
  },
  "root": "root",
  "version": 7
}
